# This file is automatically @generated by Cargo.
# It is not intended for manual editing.
version = 4

[[package]]
name = "mycelix-claims-policy"
version = "0.1.0"
dependencies = [
 "mycelix-economic-policy",
 "mycelix-sap-policy",
 "mycelix-tend-policy",
]

[[package]]
name = "mycelix-econ-conformance"
version = "0.1.0"
dependencies = [
 "mycelix-claims-policy",
 "mycelix-economic-policy",
 "mycelix-mycel-policy",
 "mycelix-sap-policy",
 "mycelix-tend-policy",
]

[[package]]
name = "mycelix-economic-policy"
version = "0.1.0"

[[package]]
name = "mycelix-mycel-policy"
version = "0.1.0"
dependencies = [
 "mycelix-economic-policy",
]

[[package]]
name = "mycelix-sap-policy"
version = "0.1.0"
dependencies = [
 "mycelix-economic-policy",
]

[[package]]
name = "mycelix-tend-policy"
version = "0.1.0"
dependencies = [
 "mycelix-economic-policy",
]
