# This file is automatically @generated by Cargo.
# It is not intended for manual editing.
version = 4

[[package]]
name = "mycelix-core-types"
version = "0.1.0"

[[package]]
name = "mycelix-regenerative-admission"
version = "0.1.0"
dependencies = [
 "mycelix-core-types",
]

[[package]]
name = "mycelix-regenerative-biomass"
version = "0.1.0"
dependencies = [
 "mycelix-core-types",
 "mycelix-regenerative-admission",
 "mycelix-regenerative-core",
]

[[package]]
name = "mycelix-regenerative-core"
version = "0.1.0"
